
Microsoft Visual Studio Solution File, Format Version 12.00
# Visual Studio Version 17
VisualStudioVersion = 17.7.34003.232
MinimumVisualStudioVersion = 10.0.40219.1
Project("{FAE04EC0-301F-11D3-BF4B-00C04F79EFBC}") = "Exercise8", "Exercise8\Exercise8.csproj", "{6779698B-5726-4375-AF5C-301E06518935}"
EndProject
Global
	GlobalSection(SolutionConfigurationPlatforms) = preSolution
		Debug|Any CPU = Debug|Any CPU
		Release|Any CPU = Release|Any CPU
	EndGlobalSection
	GlobalSection(ProjectConfigurationPlatforms) = postSolution
		{6779698B-5726-4375-AF5C-301E06518935}.Debug|Any CPU.ActiveCfg = Debug|Any CPU
		{6779698B-5726-4375-AF5C-301E06518935}.Debug|Any CPU.Build.0 = Debug|Any CPU
		{6779698B-5726-4375-AF5C-301E06518935}.Release|Any CPU.ActiveCfg = Release|Any CPU
		{6779698B-5726-4375-AF5C-301E06518935}.Release|Any CPU.Build.0 = Release|Any CPU
	EndGlobalSection
	GlobalSection(SolutionProperties) = preSolution
		HideSolutionNode = FALSE
	EndGlobalSection
	GlobalSection(ExtensibilityGlobals) = postSolution
		SolutionGuid = {D10A83F5-E9C3-4B76-871D-40A2EBFCE7F7}
	EndGlobalSection
EndGlobal
