
Microsoft Visual Studio Solution File, Format Version 12.00
# Visual Studio Version 17
VisualStudioVersion = 17.7.34221.43
MinimumVisualStudioVersion = 10.0.40219.1
Project("{FAE04EC0-301F-11D3-BF4B-00C04F79EFBC}") = "Exercise8", "Exercise8\Exercise8.csproj", "{F760C051-FA60-4E44-8449-4923874C58CD}"
EndProject
Global
	GlobalSection(SolutionConfigurationPlatforms) = preSolution
		Debug|Any CPU = Debug|Any CPU
		Release|Any CPU = Release|Any CPU
	EndGlobalSection
	GlobalSection(ProjectConfigurationPlatforms) = postSolution
		{F760C051-FA60-4E44-8449-4923874C58CD}.Debug|Any CPU.ActiveCfg = Debug|Any CPU
		{F760C051-FA60-4E44-8449-4923874C58CD}.Debug|Any CPU.Build.0 = Debug|Any CPU
		{F760C051-FA60-4E44-8449-4923874C58CD}.Release|Any CPU.ActiveCfg = Release|Any CPU
		{F760C051-FA60-4E44-8449-4923874C58CD}.Release|Any CPU.Build.0 = Release|Any CPU
	EndGlobalSection
	GlobalSection(SolutionProperties) = preSolution
		HideSolutionNode = FALSE
	EndGlobalSection
	GlobalSection(ExtensibilityGlobals) = postSolution
		SolutionGuid = {E515C9E1-CB2B-4F00-9386-20A9E7A7CFA6}
	EndGlobalSection
EndGlobal
