
Microsoft Visual Studio Solution File, Format Version 12.00
# Visual Studio Version 17
VisualStudioVersion = 17.7.34221.43
MinimumVisualStudioVersion = 10.0.40219.1
Project("{FAE04EC0-301F-11D3-BF4B-00C04F79EFBC}") = "Exercise5", "Exercise5\Exercise5.csproj", "{929FBAC9-BEEF-41DE-A297-C47D130B90FC}"
EndProject
Global
	GlobalSection(SolutionConfigurationPlatforms) = preSolution
		Debug|Any CPU = Debug|Any CPU
		Release|Any CPU = Release|Any CPU
	EndGlobalSection
	GlobalSection(ProjectConfigurationPlatforms) = postSolution
		{929FBAC9-BEEF-41DE-A297-C47D130B90FC}.Debug|Any CPU.ActiveCfg = Debug|Any CPU
		{929FBAC9-BEEF-41DE-A297-C47D130B90FC}.Debug|Any CPU.Build.0 = Debug|Any CPU
		{929FBAC9-BEEF-41DE-A297-C47D130B90FC}.Release|Any CPU.ActiveCfg = Release|Any CPU
		{929FBAC9-BEEF-41DE-A297-C47D130B90FC}.Release|Any CPU.Build.0 = Release|Any CPU
	EndGlobalSection
	GlobalSection(SolutionProperties) = preSolution
		HideSolutionNode = FALSE
	EndGlobalSection
	GlobalSection(ExtensibilityGlobals) = postSolution
		SolutionGuid = {EF63AC33-1E86-4B42-B544-0CFBD4C19E65}
	EndGlobalSection
EndGlobal
