
Microsoft Visual Studio Solution File, Format Version 12.00
# Visual Studio Version 17
VisualStudioVersion = 17.7.34003.232
MinimumVisualStudioVersion = 10.0.40219.1
Project("{FAE04EC0-301F-11D3-BF4B-00C04F79EFBC}") = "Exercise13", "Exercise13\Exercise13.csproj", "{2C0A8E3E-62DB-47D5-85E0-F7C691F9F7A6}"
EndProject
Global
	GlobalSection(SolutionConfigurationPlatforms) = preSolution
		Debug|Any CPU = Debug|Any CPU
		Release|Any CPU = Release|Any CPU
	EndGlobalSection
	GlobalSection(ProjectConfigurationPlatforms) = postSolution
		{2C0A8E3E-62DB-47D5-85E0-F7C691F9F7A6}.Debug|Any CPU.ActiveCfg = Debug|Any CPU
		{2C0A8E3E-62DB-47D5-85E0-F7C691F9F7A6}.Debug|Any CPU.Build.0 = Debug|Any CPU
		{2C0A8E3E-62DB-47D5-85E0-F7C691F9F7A6}.Release|Any CPU.ActiveCfg = Release|Any CPU
		{2C0A8E3E-62DB-47D5-85E0-F7C691F9F7A6}.Release|Any CPU.Build.0 = Release|Any CPU
	EndGlobalSection
	GlobalSection(SolutionProperties) = preSolution
		HideSolutionNode = FALSE
	EndGlobalSection
	GlobalSection(ExtensibilityGlobals) = postSolution
		SolutionGuid = {17304AF8-C3B4-4DAD-9674-37158A952251}
	EndGlobalSection
EndGlobal
