
Microsoft Visual Studio Solution File, Format Version 12.00
# Visual Studio Version 17
VisualStudioVersion = 17.7.34221.43
MinimumVisualStudioVersion = 10.0.40219.1
Project("{FAE04EC0-301F-11D3-BF4B-00C04F79EFBC}") = "Exercise9", "Exercise9\Exercise9.csproj", "{CBBC348A-DE0D-491C-A197-D17900AF1D06}"
EndProject
Global
	GlobalSection(SolutionConfigurationPlatforms) = preSolution
		Debug|Any CPU = Debug|Any CPU
		Release|Any CPU = Release|Any CPU
	EndGlobalSection
	GlobalSection(ProjectConfigurationPlatforms) = postSolution
		{CBBC348A-DE0D-491C-A197-D17900AF1D06}.Debug|Any CPU.ActiveCfg = Debug|Any CPU
		{CBBC348A-DE0D-491C-A197-D17900AF1D06}.Debug|Any CPU.Build.0 = Debug|Any CPU
		{CBBC348A-DE0D-491C-A197-D17900AF1D06}.Release|Any CPU.ActiveCfg = Release|Any CPU
		{CBBC348A-DE0D-491C-A197-D17900AF1D06}.Release|Any CPU.Build.0 = Release|Any CPU
	EndGlobalSection
	GlobalSection(SolutionProperties) = preSolution
		HideSolutionNode = FALSE
	EndGlobalSection
	GlobalSection(ExtensibilityGlobals) = postSolution
		SolutionGuid = {1DB0FBBF-4892-46C7-9683-67163F51B42B}
	EndGlobalSection
EndGlobal
